// !$*UTF8*$!
{
	archiveVersion = 1;
	classes = {
	};
	objectVersion = 56;
	objects = {

/* Begin PBXBuildFile section */
		7807D3DD2CC398700041F46D /* TodoAlertViewController.swift in Sources */ = {isa = PBXBuildFile; fileRef = 7807D3DC2CC398700041F46D /* TodoAlertViewController.swift */; };
		7807D3DE2CC398700041F46D /* TodoAlertViewController.swift in Sources */ = {isa = PBXBuildFile; fileRef = 7807D3DC2CC398700041F46D /* TodoAlertViewController.swift */; };
		7807D3DF2CC398700041F46D /* TodoAlertViewController.swift in Sources */ = {isa = PBXBuildFile; fileRef = 7807D3DC2CC398700041F46D /* TodoAlertViewController.swift */; };
		7807D3E22CC3C16F0041F46D /* TodoCellInteractor.swift in Sources */ = {isa = PBXBuildFile; fileRef = 7807D3E12CC3C16F0041F46D /* TodoCellInteractor.swift */; };
		7807D3E32CC3C16F0041F46D /* TodoCellInteractor.swift in Sources */ = {isa = PBXBuildFile; fileRef = 7807D3E12CC3C16F0041F46D /* TodoCellInteractor.swift */; };
		7807D3E42CC3C16F0041F46D /* TodoCellInteractor.swift in Sources */ = {isa = PBXBuildFile; fileRef = 7807D3E12CC3C16F0041F46D /* TodoCellInteractor.swift */; };
		7807D3E62CC3C6220041F46D /* TodoTimeLabel.swift in Sources */ = {isa = PBXBuildFile; fileRef = 7807D3E52CC3C6220041F46D /* TodoTimeLabel.swift */; };
		7807D3E72CC3C6220041F46D /* TodoTimeLabel.swift in Sources */ = {isa = PBXBuildFile; fileRef = 7807D3E52CC3C6220041F46D /* TodoTimeLabel.swift */; };
		7807D3E82CC3C6220041F46D /* TodoTimeLabel.swift in Sources */ = {isa = PBXBuildFile; fileRef = 7807D3E52CC3C6220041F46D /* TodoTimeLabel.swift */; };
		7809D1962CBD5D4000F5F06A /* TodoCellView.swift in Sources */ = {isa = PBXBuildFile; fileRef = 7809D1952CBD5D4000F5F06A /* TodoCellView.swift */; };
		7809D1972CBD5D4000F5F06A /* TodoCellView.swift in Sources */ = {isa = PBXBuildFile; fileRef = 7809D1952CBD5D4000F5F06A /* TodoCellView.swift */; };
		7809D1982CBD5D4000F5F06A /* TodoCellView.swift in Sources */ = {isa = PBXBuildFile; fileRef = 7809D1952CBD5D4000F5F06A /* TodoCellView.swift */; };
		7838F0EC2CC82316001FBD22 /* StaticTimeComponents.swift in Sources */ = {isa = PBXBuildFile; fileRef = 7838F0EB2CC82316001FBD22 /* StaticTimeComponents.swift */; };
		785750492CC7B5DF00FB2307 /* TodoSortComponents.swift in Sources */ = {isa = PBXBuildFile; fileRef = 785750482CC7B5DF00FB2307 /* TodoSortComponents.swift */; };
		7857504A2CC7B5DF00FB2307 /* TodoSortComponents.swift in Sources */ = {isa = PBXBuildFile; fileRef = 785750482CC7B5DF00FB2307 /* TodoSortComponents.swift */; };
		7857504B2CC7B5DF00FB2307 /* TodoSortComponents.swift in Sources */ = {isa = PBXBuildFile; fileRef = 785750482CC7B5DF00FB2307 /* TodoSortComponents.swift */; };
		785908C32CCA4F7800DF942C /* TodoSortCollectionViewCell.swift in Sources */ = {isa = PBXBuildFile; fileRef = 785908C22CCA4F7800DF942C /* TodoSortCollectionViewCell.swift */; };
		785908C42CCA4F7800DF942C /* TodoSortCollectionViewCell.swift in Sources */ = {isa = PBXBuildFile; fileRef = 785908C22CCA4F7800DF942C /* TodoSortCollectionViewCell.swift */; };
		785908C52CCA4F7800DF942C /* TodoSortCollectionViewCell.swift in Sources */ = {isa = PBXBuildFile; fileRef = 785908C22CCA4F7800DF942C /* TodoSortCollectionViewCell.swift */; };
		78604BCF2CBE5A090044048F /* TodoTitleView.swift in Sources */ = {isa = PBXBuildFile; fileRef = 78604BCE2CBE5A090044048F /* TodoTitleView.swift */; };
		78604BD02CBE5A090044048F /* TodoTitleView.swift in Sources */ = {isa = PBXBuildFile; fileRef = 78604BCE2CBE5A090044048F /* TodoTitleView.swift */; };
		78604BD12CBE5A090044048F /* TodoTitleView.swift in Sources */ = {isa = PBXBuildFile; fileRef = 78604BCE2CBE5A090044048F /* TodoTitleView.swift */; };
		78604BD32CBE7B610044048F /* TodoDescriptionLabel.swift in Sources */ = {isa = PBXBuildFile; fileRef = 78604BD22CBE7B610044048F /* TodoDescriptionLabel.swift */; };
		78604BD42CBE7B610044048F /* TodoDescriptionLabel.swift in Sources */ = {isa = PBXBuildFile; fileRef = 78604BD22CBE7B610044048F /* TodoDescriptionLabel.swift */; };
		78604BD52CBE7B610044048F /* TodoDescriptionLabel.swift in Sources */ = {isa = PBXBuildFile; fileRef = 78604BD22CBE7B610044048F /* TodoDescriptionLabel.swift */; };
		78604BD82CBE80D50044048F /* Colors.swift in Sources */ = {isa = PBXBuildFile; fileRef = 78604BD72CBE80D50044048F /* Colors.swift */; };
		78604BD92CBE80D50044048F /* Colors.swift in Sources */ = {isa = PBXBuildFile; fileRef = 78604BD72CBE80D50044048F /* Colors.swift */; };
		78604BDA2CBE80D50044048F /* Colors.swift in Sources */ = {isa = PBXBuildFile; fileRef = 78604BD72CBE80D50044048F /* Colors.swift */; };
		786FBE172CBD2A8B001BD7B5 /* AppDelegate.swift in Sources */ = {isa = PBXBuildFile; fileRef = 786FBE162CBD2A8B001BD7B5 /* AppDelegate.swift */; };
		786FBE192CBD2A8B001BD7B5 /* SceneDelegate.swift in Sources */ = {isa = PBXBuildFile; fileRef = 786FBE182CBD2A8B001BD7B5 /* SceneDelegate.swift */; };
		786FBE1B2CBD2A8B001BD7B5 /* ViewController.swift in Sources */ = {isa = PBXBuildFile; fileRef = 786FBE1A2CBD2A8B001BD7B5 /* ViewController.swift */; };
		786FBE202CBD2A8D001BD7B5 /* Assets.xcassets in Resources */ = {isa = PBXBuildFile; fileRef = 786FBE1F2CBD2A8D001BD7B5 /* Assets.xcassets */; };
		786FBE2E2CBD2A8D001BD7B5 /* TodoTests.swift in Sources */ = {isa = PBXBuildFile; fileRef = 786FBE2D2CBD2A8D001BD7B5 /* TodoTests.swift */; };
		786FBE382CBD2A8D001BD7B5 /* TodoUITests.swift in Sources */ = {isa = PBXBuildFile; fileRef = 786FBE372CBD2A8D001BD7B5 /* TodoUITests.swift */; };
		786FBE3A2CBD2A8D001BD7B5 /* TodoUITestsLaunchTests.swift in Sources */ = {isa = PBXBuildFile; fileRef = 786FBE392CBD2A8D001BD7B5 /* TodoUITestsLaunchTests.swift */; };
		786FBE4E2CBD2B6A001BD7B5 /* TodoItem.swift in Sources */ = {isa = PBXBuildFile; fileRef = 786FBE4D2CBD2B6A001BD7B5 /* TodoItem.swift */; };
		786FBE502CBD2CCB001BD7B5 /* TodoStorage.swift in Sources */ = {isa = PBXBuildFile; fileRef = 786FBE4F2CBD2CCB001BD7B5 /* TodoStorage.swift */; };
		786FBE522CBD2F11001BD7B5 /* TodoListViewController.swift in Sources */ = {isa = PBXBuildFile; fileRef = 786FBE512CBD2F11001BD7B5 /* TodoListViewController.swift */; };
		786FBE532CBD2F11001BD7B5 /* TodoListViewController.swift in Sources */ = {isa = PBXBuildFile; fileRef = 786FBE512CBD2F11001BD7B5 /* TodoListViewController.swift */; };
		786FBE552CBD2F2E001BD7B5 /* TodoListRouter.swift in Sources */ = {isa = PBXBuildFile; fileRef = 786FBE542CBD2F2E001BD7B5 /* TodoListRouter.swift */; };
		786FBE562CBD2F2E001BD7B5 /* TodoListRouter.swift in Sources */ = {isa = PBXBuildFile; fileRef = 786FBE542CBD2F2E001BD7B5 /* TodoListRouter.swift */; };
		786FBE582CBD2F76001BD7B5 /* TodoListPresenter.swift in Sources */ = {isa = PBXBuildFile; fileRef = 786FBE572CBD2F76001BD7B5 /* TodoListPresenter.swift */; };
		786FBE592CBD2F76001BD7B5 /* TodoListPresenter.swift in Sources */ = {isa = PBXBuildFile; fileRef = 786FBE572CBD2F76001BD7B5 /* TodoListPresenter.swift */; };
		786FBE5B2CBD2FA4001BD7B5 /* TodoListInteractor.swift in Sources */ = {isa = PBXBuildFile; fileRef = 786FBE5A2CBD2FA4001BD7B5 /* TodoListInteractor.swift */; };
		786FBE5C2CBD2FA4001BD7B5 /* TodoListInteractor.swift in Sources */ = {isa = PBXBuildFile; fileRef = 786FBE5A2CBD2FA4001BD7B5 /* TodoListInteractor.swift */; };
		7895F85D2CC788EF00019C85 /* TodoDateLabel.swift in Sources */ = {isa = PBXBuildFile; fileRef = 7895F85C2CC788EF00019C85 /* TodoDateLabel.swift */; };
		7895F85E2CC788EF00019C85 /* TodoDateLabel.swift in Sources */ = {isa = PBXBuildFile; fileRef = 7895F85C2CC788EF00019C85 /* TodoDateLabel.swift */; };
		7895F85F2CC788EF00019C85 /* TodoDateLabel.swift in Sources */ = {isa = PBXBuildFile; fileRef = 7895F85C2CC788EF00019C85 /* TodoDateLabel.swift */; };
		7895F8612CC78AF600019C85 /* TodoSortCollectionView.swift in Sources */ = {isa = PBXBuildFile; fileRef = 7895F8602CC78AF600019C85 /* TodoSortCollectionView.swift */; };
		7895F8622CC78AF600019C85 /* TodoSortCollectionView.swift in Sources */ = {isa = PBXBuildFile; fileRef = 7895F8602CC78AF600019C85 /* TodoSortCollectionView.swift */; };
		7895F8632CC78AF600019C85 /* TodoSortCollectionView.swift in Sources */ = {isa = PBXBuildFile; fileRef = 7895F8602CC78AF600019C85 /* TodoSortCollectionView.swift */; };
		78A8B8902CC61E5600CB8112 /* TodoisCompletedButton.swift in Sources */ = {isa = PBXBuildFile; fileRef = 78A8B88F2CC61E5600CB8112 /* TodoisCompletedButton.swift */; };
		78A8B8912CC61E5600CB8112 /* TodoisCompletedButton.swift in Sources */ = {isa = PBXBuildFile; fileRef = 78A8B88F2CC61E5600CB8112 /* TodoisCompletedButton.swift */; };
		78A8B8922CC61E5600CB8112 /* TodoisCompletedButton.swift in Sources */ = {isa = PBXBuildFile; fileRef = 78A8B88F2CC61E5600CB8112 /* TodoisCompletedButton.swift */; };
		78AEC2292CC67B96008F932C /* TodoHeaderViewController.swift in Sources */ = {isa = PBXBuildFile; fileRef = 78AEC2282CC67B96008F932C /* TodoHeaderViewController.swift */; };
		78AEC22A2CC67B96008F932C /* TodoHeaderViewController.swift in Sources */ = {isa = PBXBuildFile; fileRef = 78AEC2282CC67B96008F932C /* TodoHeaderViewController.swift */; };
		78AEC22B2CC67B96008F932C /* TodoHeaderViewController.swift in Sources */ = {isa = PBXBuildFile; fileRef = 78AEC2282CC67B96008F932C /* TodoHeaderViewController.swift */; };
		78DDB8DC2CC0DA21005DDD9C /* TodoDayLabel.swift in Sources */ = {isa = PBXBuildFile; fileRef = 78DDB8DB2CC0DA21005DDD9C /* TodoDayLabel.swift */; };
		78DDB8DD2CC0DA21005DDD9C /* TodoDayLabel.swift in Sources */ = {isa = PBXBuildFile; fileRef = 78DDB8DB2CC0DA21005DDD9C /* TodoDayLabel.swift */; };
		78DDB8DE2CC0DA21005DDD9C /* TodoDayLabel.swift in Sources */ = {isa = PBXBuildFile; fileRef = 78DDB8DB2CC0DA21005DDD9C /* TodoDayLabel.swift */; };
		78DDB8F32CC0EDA3005DDD9C /* LocalTimeZone.swift in Sources */ = {isa = PBXBuildFile; fileRef = 78DDB8F22CC0EDA3005DDD9C /* LocalTimeZone.swift */; };
/* End PBXBuildFile section */

/* Begin PBXContainerItemProxy section */
		786FBE2A2CBD2A8D001BD7B5 /* PBXContainerItemProxy */ = {
			isa = PBXContainerItemProxy;
			containerPortal = 786FBE0B2CBD2A8B001BD7B5 /* Project object */;
			proxyType = 1;
			remoteGlobalIDString = 786FBE122CBD2A8B001BD7B5;
			remoteInfo = Todo;
		};
		786FBE342CBD2A8D001BD7B5 /* PBXContainerItemProxy */ = {
			isa = PBXContainerItemProxy;
			containerPortal = 786FBE0B2CBD2A8B001BD7B5 /* Project object */;
			proxyType = 1;
			remoteGlobalIDString = 786FBE122CBD2A8B001BD7B5;
			remoteInfo = Todo;
		};
/* End PBXContainerItemProxy section */

/* Begin PBXFileReference section */
		7807D3DC2CC398700041F46D /* TodoAlertViewController.swift */ = {isa = PBXFileReference; lastKnownFileType = sourcecode.swift; path = TodoAlertViewController.swift; sourceTree = "<group>"; };
		7807D3E12CC3C16F0041F46D /* TodoCellInteractor.swift */ = {isa = PBXFileReference; lastKnownFileType = sourcecode.swift; path = TodoCellInteractor.swift; sourceTree = "<group>"; };
		7807D3E52CC3C6220041F46D /* TodoTimeLabel.swift */ = {isa = PBXFileReference; lastKnownFileType = sourcecode.swift; path = TodoTimeLabel.swift; sourceTree = "<group>"; };
		7809D1952CBD5D4000F5F06A /* TodoCellView.swift */ = {isa = PBXFileReference; lastKnownFileType = sourcecode.swift; path = TodoCellView.swift; sourceTree = "<group>"; };
		7838F0EB2CC82316001FBD22 /* StaticTimeComponents.swift */ = {isa = PBXFileReference; lastKnownFileType = sourcecode.swift; path = StaticTimeComponents.swift; sourceTree = "<group>"; };
		785750482CC7B5DF00FB2307 /* TodoSortComponents.swift */ = {isa = PBXFileReference; lastKnownFileType = sourcecode.swift; path = TodoSortComponents.swift; sourceTree = "<group>"; };
		785908C22CCA4F7800DF942C /* TodoSortCollectionViewCell.swift */ = {isa = PBXFileReference; lastKnownFileType = sourcecode.swift; path = TodoSortCollectionViewCell.swift; sourceTree = "<group>"; };
		78604BCE2CBE5A090044048F /* TodoTitleView.swift */ = {isa = PBXFileReference; lastKnownFileType = sourcecode.swift; path = TodoTitleView.swift; sourceTree = "<group>"; };
		78604BD22CBE7B610044048F /* TodoDescriptionLabel.swift */ = {isa = PBXFileReference; lastKnownFileType = sourcecode.swift; path = TodoDescriptionLabel.swift; sourceTree = "<group>"; };
		78604BD72CBE80D50044048F /* Colors.swift */ = {isa = PBXFileReference; lastKnownFileType = sourcecode.swift; path = Colors.swift; sourceTree = "<group>"; };
		786FBE132CBD2A8B001BD7B5 /* Todo.app */ = {isa = PBXFileReference; explicitFileType = wrapper.application; includeInIndex = 0; path = Todo.app; sourceTree = BUILT_PRODUCTS_DIR; };
		786FBE162CBD2A8B001BD7B5 /* AppDelegate.swift */ = {isa = PBXFileReference; lastKnownFileType = sourcecode.swift; path = AppDelegate.swift; sourceTree = "<group>"; };
		786FBE182CBD2A8B001BD7B5 /* SceneDelegate.swift */ = {isa = PBXFileReference; lastKnownFileType = sourcecode.swift; path = SceneDelegate.swift; sourceTree = "<group>"; };
		786FBE1A2CBD2A8B001BD7B5 /* ViewController.swift */ = {isa = PBXFileReference; lastKnownFileType = sourcecode.swift; path = ViewController.swift; sourceTree = "<group>"; };
		786FBE1F2CBD2A8D001BD7B5 /* Assets.xcassets */ = {isa = PBXFileReference; lastKnownFileType = folder.assetcatalog; path = Assets.xcassets; sourceTree = "<group>"; };
		786FBE242CBD2A8D001BD7B5 /* Info.plist */ = {isa = PBXFileReference; lastKnownFileType = text.plist.xml; path = Info.plist; sourceTree = "<group>"; };
		786FBE292CBD2A8D001BD7B5 /* TodoTests.xctest */ = {isa = PBXFileReference; explicitFileType = wrapper.cfbundle; includeInIndex = 0; path = TodoTests.xctest; sourceTree = BUILT_PRODUCTS_DIR; };
		786FBE2D2CBD2A8D001BD7B5 /* TodoTests.swift */ = {isa = PBXFileReference; lastKnownFileType = sourcecode.swift; path = TodoTests.swift; sourceTree = "<group>"; };
		786FBE332CBD2A8D001BD7B5 /* TodoUITests.xctest */ = {isa = PBXFileReference; explicitFileType = wrapper.cfbundle; includeInIndex = 0; path = TodoUITests.xctest; sourceTree = BUILT_PRODUCTS_DIR; };
		786FBE372CBD2A8D001BD7B5 /* TodoUITests.swift */ = {isa = PBXFileReference; lastKnownFileType = sourcecode.swift; path = TodoUITests.swift; sourceTree = "<group>"; };
		786FBE392CBD2A8D001BD7B5 /* TodoUITestsLaunchTests.swift */ = {isa = PBXFileReference; lastKnownFileType = sourcecode.swift; path = TodoUITestsLaunchTests.swift; sourceTree = "<group>"; };
		786FBE4D2CBD2B6A001BD7B5 /* TodoItem.swift */ = {isa = PBXFileReference; lastKnownFileType = sourcecode.swift; path = TodoItem.swift; sourceTree = "<group>"; };
		786FBE4F2CBD2CCB001BD7B5 /* TodoStorage.swift */ = {isa = PBXFileReference; lastKnownFileType = sourcecode.swift; path = TodoStorage.swift; sourceTree = "<group>"; };
		786FBE512CBD2F11001BD7B5 /* TodoListViewController.swift */ = {isa = PBXFileReference; lastKnownFileType = sourcecode.swift; path = TodoListViewController.swift; sourceTree = "<group>"; };
		786FBE542CBD2F2E001BD7B5 /* TodoListRouter.swift */ = {isa = PBXFileReference; lastKnownFileType = sourcecode.swift; path = TodoListRouter.swift; sourceTree = "<group>"; };
		786FBE572CBD2F76001BD7B5 /* TodoListPresenter.swift */ = {isa = PBXFileReference; lastKnownFileType = sourcecode.swift; path = TodoListPresenter.swift; sourceTree = "<group>"; };
		786FBE5A2CBD2FA4001BD7B5 /* TodoListInteractor.swift */ = {isa = PBXFileReference; lastKnownFileType = sourcecode.swift; path = TodoListInteractor.swift; sourceTree = "<group>"; };
		7895F85C2CC788EF00019C85 /* TodoDateLabel.swift */ = {isa = PBXFileReference; lastKnownFileType = sourcecode.swift; path = TodoDateLabel.swift; sourceTree = "<group>"; };
		7895F8602CC78AF600019C85 /* TodoSortCollectionView.swift */ = {isa = PBXFileReference; lastKnownFileType = sourcecode.swift; path = TodoSortCollectionView.swift; sourceTree = "<group>"; };
		78A8B88F2CC61E5600CB8112 /* TodoisCompletedButton.swift */ = {isa = PBXFileReference; lastKnownFileType = sourcecode.swift; path = TodoisCompletedButton.swift; sourceTree = "<group>"; };
		78AEC2282CC67B96008F932C /* TodoHeaderViewController.swift */ = {isa = PBXFileReference; lastKnownFileType = sourcecode.swift; path = TodoHeaderViewController.swift; sourceTree = "<group>"; };
		78DDB8DB2CC0DA21005DDD9C /* TodoDayLabel.swift */ = {isa = PBXFileReference; lastKnownFileType = sourcecode.swift; path = TodoDayLabel.swift; sourceTree = "<group>"; };
		78DDB8F22CC0EDA3005DDD9C /* LocalTimeZone.swift */ = {isa = PBXFileReference; lastKnownFileType = sourcecode.swift; path = LocalTimeZone.swift; sourceTree = "<group>"; };
/* End PBXFileReference section */

/* Begin PBXFrameworksBuildPhase section */
		786FBE102CBD2A8B001BD7B5 /* Frameworks */ = {
			isa = PBXFrameworksBuildPhase;
			buildActionMask = 2147483647;
			files = (
			);
			runOnlyForDeploymentPostprocessing = 0;
		};
		786FBE262CBD2A8D001BD7B5 /* Frameworks */ = {
			isa = PBXFrameworksBuildPhase;
			buildActionMask = 2147483647;
			files = (
			);
			runOnlyForDeploymentPostprocessing = 0;
		};
		786FBE302CBD2A8D001BD7B5 /* Frameworks */ = {
			isa = PBXFrameworksBuildPhase;
			buildActionMask = 2147483647;
			files = (
			);
			runOnlyForDeploymentPostprocessing = 0;
		};
/* End PBXFrameworksBuildPhase section */

/* Begin PBXGroup section */
		7807D3D72CC397B30041F46D /* TodoAlertModule */ = {
			isa = PBXGroup;
			children = (
				7807D3DB2CC398470041F46D /* Router */,
				7807D3DA2CC3983A0041F46D /* Presenter */,
				7807D3D92CC398300041F46D /* Interactor */,
				7807D3D82CC397C20041F46D /* View */,
			);
			path = TodoAlertModule;
			sourceTree = "<group>";
		};
		7807D3D82CC397C20041F46D /* View */ = {
			isa = PBXGroup;
			children = (
				7807D3DC2CC398700041F46D /* TodoAlertViewController.swift */,
			);
			path = View;
			sourceTree = "<group>";
		};
		7807D3D92CC398300041F46D /* Interactor */ = {
			isa = PBXGroup;
			children = (
			);
			path = Interactor;
			sourceTree = "<group>";
		};
		7807D3DA2CC3983A0041F46D /* Presenter */ = {
			isa = PBXGroup;
			children = (
			);
			path = Presenter;
			sourceTree = "<group>";
		};
		7807D3DB2CC398470041F46D /* Router */ = {
			isa = PBXGroup;
			children = (
			);
			path = Router;
			sourceTree = "<group>";
		};
		7807D3E02CC3C1480041F46D /* Interactor */ = {
			isa = PBXGroup;
			children = (
				7807D3E12CC3C16F0041F46D /* TodoCellInteractor.swift */,
			);
			path = Interactor;
			sourceTree = "<group>";
		};
		7809D1932CBD5D0A00F5F06A /* TodoCellModule */ = {
			isa = PBXGroup;
			children = (
				7807D3E02CC3C1480041F46D /* Interactor */,
				7809D1942CBD5D2600F5F06A /* View */,
			);
			path = TodoCellModule;
			sourceTree = "<group>";
		};
		7809D1942CBD5D2600F5F06A /* View */ = {
			isa = PBXGroup;
			children = (
				7809D1952CBD5D4000F5F06A /* TodoCellView.swift */,
				78604BCE2CBE5A090044048F /* TodoTitleView.swift */,
				78604BD22CBE7B610044048F /* TodoDescriptionLabel.swift */,
				78DDB8DB2CC0DA21005DDD9C /* TodoDayLabel.swift */,
				7807D3E52CC3C6220041F46D /* TodoTimeLabel.swift */,
				78A8B88F2CC61E5600CB8112 /* TodoisCompletedButton.swift */,
			);
			path = View;
			sourceTree = "<group>";
		};
		7857504C2CC7BA8E00FB2307 /* Interactor */ = {
			isa = PBXGroup;
			children = (
			);
			path = Interactor;
			sourceTree = "<group>";
		};
		78604BD62CBE80C30044048F /* Colors */ = {
			isa = PBXGroup;
			children = (
				78604BD72CBE80D50044048F /* Colors.swift */,
			);
			path = Colors;
			sourceTree = "<group>";
		};
		786FBE0A2CBD2A8B001BD7B5 = {
			isa = PBXGroup;
			children = (
				786FBE4C2CBD2B52001BD7B5 /* Entity */,
				78604BD62CBE80C30044048F /* Colors */,
				786FBE462CBD2B17001BD7B5 /* Modules */,
				786FBE152CBD2A8B001BD7B5 /* AppDelegate */,
				786FBE2C2CBD2A8D001BD7B5 /* TodoTests */,
				786FBE362CBD2A8D001BD7B5 /* TodoUITests */,
				786FBE142CBD2A8B001BD7B5 /* Products */,
			);
			sourceTree = "<group>";
		};
		786FBE142CBD2A8B001BD7B5 /* Products */ = {
			isa = PBXGroup;
			children = (
				786FBE132CBD2A8B001BD7B5 /* Todo.app */,
				786FBE292CBD2A8D001BD7B5 /* TodoTests.xctest */,
				786FBE332CBD2A8D001BD7B5 /* TodoUITests.xctest */,
			);
			name = Products;
			sourceTree = "<group>";
		};
		786FBE152CBD2A8B001BD7B5 /* AppDelegate */ = {
			isa = PBXGroup;
			children = (
				786FBE162CBD2A8B001BD7B5 /* AppDelegate.swift */,
				786FBE182CBD2A8B001BD7B5 /* SceneDelegate.swift */,
				786FBE1A2CBD2A8B001BD7B5 /* ViewController.swift */,
				786FBE1F2CBD2A8D001BD7B5 /* Assets.xcassets */,
				786FBE242CBD2A8D001BD7B5 /* Info.plist */,
			);
			path = AppDelegate;
			sourceTree = "<group>";
		};
		786FBE2C2CBD2A8D001BD7B5 /* TodoTests */ = {
			isa = PBXGroup;
			children = (
				786FBE2D2CBD2A8D001BD7B5 /* TodoTests.swift */,
			);
			path = TodoTests;
			sourceTree = "<group>";
		};
		786FBE362CBD2A8D001BD7B5 /* TodoUITests */ = {
			isa = PBXGroup;
			children = (
				786FBE372CBD2A8D001BD7B5 /* TodoUITests.swift */,
				786FBE392CBD2A8D001BD7B5 /* TodoUITestsLaunchTests.swift */,
			);
			path = TodoUITests;
			sourceTree = "<group>";
		};
		786FBE462CBD2B17001BD7B5 /* Modules */ = {
			isa = PBXGroup;
			children = (
				78AEC2262CC67AB6008F932C /* TodoHeaderModule */,
				7807D3D72CC397B30041F46D /* TodoAlertModule */,
				7809D1932CBD5D0A00F5F06A /* TodoCellModule */,
				786FBE472CBD2B20001BD7B5 /* TodoListModule */,
			);
			path = Modules;
			sourceTree = "<group>";
		};
		786FBE472CBD2B20001BD7B5 /* TodoListModule */ = {
			isa = PBXGroup;
			children = (
				786FBE4B2CBD2B4A001BD7B5 /* Router */,
				786FBE4A2CBD2B43001BD7B5 /* Presenter */,
				786FBE492CBD2B3B001BD7B5 /* Interactor */,
				786FBE482CBD2B36001BD7B5 /* View */,
			);
			path = TodoListModule;
			sourceTree = "<group>";
		};
		786FBE482CBD2B36001BD7B5 /* View */ = {
			isa = PBXGroup;
			children = (
				786FBE512CBD2F11001BD7B5 /* TodoListViewController.swift */,
			);
			path = View;
			sourceTree = "<group>";
		};
		786FBE492CBD2B3B001BD7B5 /* Interactor */ = {
			isa = PBXGroup;
			children = (
				786FBE5A2CBD2FA4001BD7B5 /* TodoListInteractor.swift */,
			);
			path = Interactor;
			sourceTree = "<group>";
		};
		786FBE4A2CBD2B43001BD7B5 /* Presenter */ = {
			isa = PBXGroup;
			children = (
				786FBE572CBD2F76001BD7B5 /* TodoListPresenter.swift */,
			);
			path = Presenter;
			sourceTree = "<group>";
		};
		786FBE4B2CBD2B4A001BD7B5 /* Router */ = {
			isa = PBXGroup;
			children = (
				786FBE542CBD2F2E001BD7B5 /* TodoListRouter.swift */,
			);
			path = Router;
			sourceTree = "<group>";
		};
		786FBE4C2CBD2B52001BD7B5 /* Entity */ = {
			isa = PBXGroup;
			children = (
				786FBE4D2CBD2B6A001BD7B5 /* TodoItem.swift */,
				786FBE4F2CBD2CCB001BD7B5 /* TodoStorage.swift */,
				78DDB8F22CC0EDA3005DDD9C /* LocalTimeZone.swift */,
				7838F0EB2CC82316001FBD22 /* StaticTimeComponents.swift */,
			);
			path = Entity;
			sourceTree = "<group>";
		};
		78AEC2262CC67AB6008F932C /* TodoHeaderModule */ = {
			isa = PBXGroup;
			children = (
				7857504C2CC7BA8E00FB2307 /* Interactor */,
				78AEC2272CC67B15008F932C /* View */,
			);
			path = TodoHeaderModule;
			sourceTree = "<group>";
		};
		78AEC2272CC67B15008F932C /* View */ = {
			isa = PBXGroup;
			children = (
				78AEC2282CC67B96008F932C /* TodoHeaderViewController.swift */,
				7895F85C2CC788EF00019C85 /* TodoDateLabel.swift */,
				7895F8602CC78AF600019C85 /* TodoSortCollectionView.swift */,
				785908C22CCA4F7800DF942C /* TodoSortCollectionViewCell.swift */,
				785750482CC7B5DF00FB2307 /* TodoSortComponents.swift */,
			);
			path = View;
			sourceTree = "<group>";
		};
/* End PBXGroup section */

/* Begin PBXNativeTarget section */
		786FBE122CBD2A8B001BD7B5 /* Todo */ = {
			isa = PBXNativeTarget;
			buildConfigurationList = 786FBE3D2CBD2A8D001BD7B5 /* Build configuration list for PBXNativeTarget "Todo" */;
			buildPhases = (
				786FBE0F2CBD2A8B001BD7B5 /* Sources */,
				786FBE102CBD2A8B001BD7B5 /* Frameworks */,
				786FBE112CBD2A8B001BD7B5 /* Resources */,
			);
			buildRules = (
			);
			dependencies = (
			);
			name = Todo;
			productName = Todo;
			productReference = 786FBE132CBD2A8B001BD7B5 /* Todo.app */;
			productType = "com.apple.product-type.application";
		};
		786FBE282CBD2A8D001BD7B5 /* TodoTests */ = {
			isa = PBXNativeTarget;
			buildConfigurationList = 786FBE402CBD2A8D001BD7B5 /* Build configuration list for PBXNativeTarget "TodoTests" */;
			buildPhases = (
				786FBE252CBD2A8D001BD7B5 /* Sources */,
				786FBE262CBD2A8D001BD7B5 /* Frameworks */,
				786FBE272CBD2A8D001BD7B5 /* Resources */,
			);
			buildRules = (
			);
			dependencies = (
				786FBE2B2CBD2A8D001BD7B5 /* PBXTargetDependency */,
			);
			name = TodoTests;
			productName = TodoTests;
			productReference = 786FBE292CBD2A8D001BD7B5 /* TodoTests.xctest */;
			productType = "com.apple.product-type.bundle.unit-test";
		};
		786FBE322CBD2A8D001BD7B5 /* TodoUITests */ = {
			isa = PBXNativeTarget;
			buildConfigurationList = 786FBE432CBD2A8D001BD7B5 /* Build configuration list for PBXNativeTarget "TodoUITests" */;
			buildPhases = (
				786FBE2F2CBD2A8D001BD7B5 /* Sources */,
				786FBE302CBD2A8D001BD7B5 /* Frameworks */,
				786FBE312CBD2A8D001BD7B5 /* Resources */,
			);
			buildRules = (
			);
			dependencies = (
				786FBE352CBD2A8D001BD7B5 /* PBXTargetDependency */,
			);
			name = TodoUITests;
			productName = TodoUITests;
			productReference = 786FBE332CBD2A8D001BD7B5 /* TodoUITests.xctest */;
			productType = "com.apple.product-type.bundle.ui-testing";
		};
/* End PBXNativeTarget section */

/* Begin PBXProject section */
		786FBE0B2CBD2A8B001BD7B5 /* Project object */ = {
			isa = PBXProject;
			attributes = {
				BuildIndependentTargetsInParallel = 1;
				LastSwiftUpdateCheck = 1430;
				LastUpgradeCheck = 1430;
				TargetAttributes = {
					786FBE122CBD2A8B001BD7B5 = {
						CreatedOnToolsVersion = 14.3.1;
					};
					786FBE282CBD2A8D001BD7B5 = {
						CreatedOnToolsVersion = 14.3.1;
						TestTargetID = 786FBE122CBD2A8B001BD7B5;
					};
					786FBE322CBD2A8D001BD7B5 = {
						CreatedOnToolsVersion = 14.3.1;
						TestTargetID = 786FBE122CBD2A8B001BD7B5;
					};
				};
			};
			buildConfigurationList = 786FBE0E2CBD2A8B001BD7B5 /* Build configuration list for PBXProject "Todo" */;
			compatibilityVersion = "Xcode 14.0";
			developmentRegion = en;
			hasScannedForEncodings = 0;
			knownRegions = (
				en,
				Base,
			);
			mainGroup = 786FBE0A2CBD2A8B001BD7B5;
			productRefGroup = 786FBE142CBD2A8B001BD7B5 /* Products */;
			projectDirPath = "";
			projectRoot = "";
			targets = (
				786FBE122CBD2A8B001BD7B5 /* Todo */,
				786FBE282CBD2A8D001BD7B5 /* TodoTests */,
				786FBE322CBD2A8D001BD7B5 /* TodoUITests */,
			);
		};
/* End PBXProject section */

/* Begin PBXResourcesBuildPhase section */
		786FBE112CBD2A8B001BD7B5 /* Resources */ = {
			isa = PBXResourcesBuildPhase;
			buildActionMask = 2147483647;
			files = (
				786FBE202CBD2A8D001BD7B5 /* Assets.xcassets in Resources */,
			);
			runOnlyForDeploymentPostprocessing = 0;
		};
		786FBE272CBD2A8D001BD7B5 /* Resources */ = {
			isa = PBXResourcesBuildPhase;
			buildActionMask = 2147483647;
			files = (
			);
			runOnlyForDeploymentPostprocessing = 0;
		};
		786FBE312CBD2A8D001BD7B5 /* Resources */ = {
			isa = PBXResourcesBuildPhase;
			buildActionMask = 2147483647;
			files = (
			);
			runOnlyForDeploymentPostprocessing = 0;
		};
/* End PBXResourcesBuildPhase section */

/* Begin PBXSourcesBuildPhase section */
		786FBE0F2CBD2A8B001BD7B5 /* Sources */ = {
			isa = PBXSourcesBuildPhase;
			buildActionMask = 2147483647;
			files = (
				7895F85D2CC788EF00019C85 /* TodoDateLabel.swift in Sources */,
				786FBE522CBD2F11001BD7B5 /* TodoListViewController.swift in Sources */,
				78A8B8902CC61E5600CB8112 /* TodoisCompletedButton.swift in Sources */,
				786FBE1B2CBD2A8B001BD7B5 /* ViewController.swift in Sources */,
				785750492CC7B5DF00FB2307 /* TodoSortComponents.swift in Sources */,
				78AEC2292CC67B96008F932C /* TodoHeaderViewController.swift in Sources */,
				7838F0EC2CC82316001FBD22 /* StaticTimeComponents.swift in Sources */,
				786FBE502CBD2CCB001BD7B5 /* TodoStorage.swift in Sources */,
				7895F8612CC78AF600019C85 /* TodoSortCollectionView.swift in Sources */,
				786FBE552CBD2F2E001BD7B5 /* TodoListRouter.swift in Sources */,
				786FBE582CBD2F76001BD7B5 /* TodoListPresenter.swift in Sources */,
				7807D3DD2CC398700041F46D /* TodoAlertViewController.swift in Sources */,
				78604BD32CBE7B610044048F /* TodoDescriptionLabel.swift in Sources */,
				78604BCF2CBE5A090044048F /* TodoTitleView.swift in Sources */,
				78DDB8DC2CC0DA21005DDD9C /* TodoDayLabel.swift in Sources */,
				786FBE172CBD2A8B001BD7B5 /* AppDelegate.swift in Sources */,
				78604BD82CBE80D50044048F /* Colors.swift in Sources */,
				7809D1962CBD5D4000F5F06A /* TodoCellView.swift in Sources */,
				786FBE4E2CBD2B6A001BD7B5 /* TodoItem.swift in Sources */,
				786FBE5B2CBD2FA4001BD7B5 /* TodoListInteractor.swift in Sources */,
				785908C32CCA4F7800DF942C /* TodoSortCollectionViewCell.swift in Sources */,
				7807D3E22CC3C16F0041F46D /* TodoCellInteractor.swift in Sources */,
				7807D3E62CC3C6220041F46D /* TodoTimeLabel.swift in Sources */,
				78DDB8F32CC0EDA3005DDD9C /* LocalTimeZone.swift in Sources */,
				786FBE192CBD2A8B001BD7B5 /* SceneDelegate.swift in Sources */,
			);
			runOnlyForDeploymentPostprocessing = 0;
		};
		786FBE252CBD2A8D001BD7B5 /* Sources */ = {
			isa = PBXSourcesBuildPhase;
			buildActionMask = 2147483647;
			files = (
				786FBE592CBD2F76001BD7B5 /* TodoListPresenter.swift in Sources */,
				78604BD92CBE80D50044048F /* Colors.swift in Sources */,
				786FBE5C2CBD2FA4001BD7B5 /* TodoListInteractor.swift in Sources */,
				78604BD02CBE5A090044048F /* TodoTitleView.swift in Sources */,
				7809D1972CBD5D4000F5F06A /* TodoCellView.swift in Sources */,
				78DDB8DD2CC0DA21005DDD9C /* TodoDayLabel.swift in Sources */,
				786FBE532CBD2F11001BD7B5 /* TodoListViewController.swift in Sources */,
				7895F85E2CC788EF00019C85 /* TodoDateLabel.swift in Sources */,
				7895F8622CC78AF600019C85 /* TodoSortCollectionView.swift in Sources */,
				78604BD42CBE7B610044048F /* TodoDescriptionLabel.swift in Sources */,
				785908C42CCA4F7800DF942C /* TodoSortCollectionViewCell.swift in Sources */,
				7857504A2CC7B5DF00FB2307 /* TodoSortComponents.swift in Sources */,
				78AEC22A2CC67B96008F932C /* TodoHeaderViewController.swift in Sources */,
				7807D3E32CC3C16F0041F46D /* TodoCellInteractor.swift in Sources */,
				7807D3E72CC3C6220041F46D /* TodoTimeLabel.swift in Sources */,
				786FBE562CBD2F2E001BD7B5 /* TodoListRouter.swift in Sources */,
				78A8B8912CC61E5600CB8112 /* TodoisCompletedButton.swift in Sources */,
				7807D3DE2CC398700041F46D /* TodoAlertViewController.swift in Sources */,
				786FBE2E2CBD2A8D001BD7B5 /* TodoTests.swift in Sources */,
			);
			runOnlyForDeploymentPostprocessing = 0;
		};
		786FBE2F2CBD2A8D001BD7B5 /* Sources */ = {
			isa = PBXSourcesBuildPhase;
			buildActionMask = 2147483647;
			files = (
				78DDB8DE2CC0DA21005DDD9C /* TodoDayLabel.swift in Sources */,
				7895F85F2CC788EF00019C85 /* TodoDateLabel.swift in Sources */,
				786FBE3A2CBD2A8D001BD7B5 /* TodoUITestsLaunchTests.swift in Sources */,
				7807D3E42CC3C16F0041F46D /* TodoCellInteractor.swift in Sources */,
				78A8B8922CC61E5600CB8112 /* TodoisCompletedButton.swift in Sources */,
				7807D3E82CC3C6220041F46D /* TodoTimeLabel.swift in Sources */,
				78604BDA2CBE80D50044048F /* Colors.swift in Sources */,
				7857504B2CC7B5DF00FB2307 /* TodoSortComponents.swift in Sources */,
				78604BD52CBE7B610044048F /* TodoDescriptionLabel.swift in Sources */,
				785908C52CCA4F7800DF942C /* TodoSortCollectionViewCell.swift in Sources */,
				78604BD12CBE5A090044048F /* TodoTitleView.swift in Sources */,
				7807D3DF2CC398700041F46D /* TodoAlertViewController.swift in Sources */,
				786FBE382CBD2A8D001BD7B5 /* TodoUITests.swift in Sources */,
				7809D1982CBD5D4000F5F06A /* TodoCellView.swift in Sources */,
				7895F8632CC78AF600019C85 /* TodoSortCollectionView.swift in Sources */,
				78AEC22B2CC67B96008F932C /* TodoHeaderViewController.swift in Sources */,
			);
			runOnlyForDeploymentPostprocessing = 0;
		};
/* End PBXSourcesBuildPhase section */

/* Begin PBXTargetDependency section */
		786FBE2B2CBD2A8D001BD7B5 /* PBXTargetDependency */ = {
			isa = PBXTargetDependency;
			target = 786FBE122CBD2A8B001BD7B5 /* Todo */;
			targetProxy = 786FBE2A2CBD2A8D001BD7B5 /* PBXContainerItemProxy */;
		};
		786FBE352CBD2A8D001BD7B5 /* PBXTargetDependency */ = {
			isa = PBXTargetDependency;
			target = 786FBE122CBD2A8B001BD7B5 /* Todo */;
			targetProxy = 786FBE342CBD2A8D001BD7B5 /* PBXContainerItemProxy */;
		};
/* End PBXTargetDependency section */

/* Begin XCBuildConfiguration section */
		786FBE3B2CBD2A8D001BD7B5 /* Debug */ = {
			isa = XCBuildConfiguration;
			buildSettings = {
				ALWAYS_SEARCH_USER_PATHS = NO;
				CLANG_ANALYZER_NONNULL = YES;
				CLANG_ANALYZER_NUMBER_OBJECT_CONVERSION = YES_AGGRESSIVE;
				CLANG_CXX_LANGUAGE_STANDARD = "gnu++20";
				CLANG_ENABLE_MODULES = YES;
				CLANG_ENABLE_OBJC_ARC = YES;
				CLANG_ENABLE_OBJC_WEAK = YES;
				CLANG_WARN_BLOCK_CAPTURE_AUTORELEASING = YES;
				CLANG_WARN_BOOL_CONVERSION = YES;
				CLANG_WARN_COMMA = YES;
				CLANG_WARN_CONSTANT_CONVERSION = YES;
				CLANG_WARN_DEPRECATED_OBJC_IMPLEMENTATIONS = YES;
				CLANG_WARN_DIRECT_OBJC_ISA_USAGE = YES_ERROR;
				CLANG_WARN_DOCUMENTATION_COMMENTS = YES;
				CLANG_WARN_EMPTY_BODY = YES;
				CLANG_WARN_ENUM_CONVERSION = YES;
				CLANG_WARN_INFINITE_RECURSION = YES;
				CLANG_WARN_INT_CONVERSION = YES;
				CLANG_WARN_NON_LITERAL_NULL_CONVERSION = YES;
				CLANG_WARN_OBJC_IMPLICIT_RETAIN_SELF = YES;
				CLANG_WARN_OBJC_LITERAL_CONVERSION = YES;
				CLANG_WARN_OBJC_ROOT_CLASS = YES_ERROR;
				CLANG_WARN_QUOTED_INCLUDE_IN_FRAMEWORK_HEADER = YES;
				CLANG_WARN_RANGE_LOOP_ANALYSIS = YES;
				CLANG_WARN_STRICT_PROTOTYPES = YES;
				CLANG_WARN_SUSPICIOUS_MOVE = YES;
				CLANG_WARN_UNGUARDED_AVAILABILITY = YES_AGGRESSIVE;
				CLANG_WARN_UNREACHABLE_CODE = YES;
				CLANG_WARN__DUPLICATE_METHOD_MATCH = YES;
				COPY_PHASE_STRIP = NO;
				DEBUG_INFORMATION_FORMAT = dwarf;
				ENABLE_STRICT_OBJC_MSGSEND = YES;
				ENABLE_TESTABILITY = YES;
				GCC_C_LANGUAGE_STANDARD = gnu11;
				GCC_DYNAMIC_NO_PIC = NO;
				GCC_NO_COMMON_BLOCKS = YES;
				GCC_OPTIMIZATION_LEVEL = 0;
				GCC_PREPROCESSOR_DEFINITIONS = (
					"DEBUG=1",
					"$(inherited)",
				);
				GCC_WARN_64_TO_32_BIT_CONVERSION = YES;
				GCC_WARN_ABOUT_RETURN_TYPE = YES_ERROR;
				GCC_WARN_UNDECLARED_SELECTOR = YES;
				GCC_WARN_UNINITIALIZED_AUTOS = YES_AGGRESSIVE;
				GCC_WARN_UNUSED_FUNCTION = YES;
				GCC_WARN_UNUSED_VARIABLE = YES;
				INFOPLIST_FILE = /Users/melaniad/Todo/Todo/AppDelegate/Info.plist;
				IPHONEOS_DEPLOYMENT_TARGET = 16.4;
				MTL_ENABLE_DEBUG_INFO = INCLUDE_SOURCE;
				MTL_FAST_MATH = YES;
				ONLY_ACTIVE_ARCH = YES;
				SDKROOT = iphoneos;
				SWIFT_ACTIVE_COMPILATION_CONDITIONS = DEBUG;
				SWIFT_OPTIMIZATION_LEVEL = "-Onone";
			};
			name = Debug;
		};
		786FBE3C2CBD2A8D001BD7B5 /* Release */ = {
			isa = XCBuildConfiguration;
			buildSettings = {
				ALWAYS_SEARCH_USER_PATHS = NO;
				CLANG_ANALYZER_NONNULL = YES;
				CLANG_ANALYZER_NUMBER_OBJECT_CONVERSION = YES_AGGRESSIVE;
				CLANG_CXX_LANGUAGE_STANDARD = "gnu++20";
				CLANG_ENABLE_MODULES = YES;
				CLANG_ENABLE_OBJC_ARC = YES;
				CLANG_ENABLE_OBJC_WEAK = YES;
				CLANG_WARN_BLOCK_CAPTURE_AUTORELEASING = YES;
				CLANG_WARN_BOOL_CONVERSION = YES;
				CLANG_WARN_COMMA = YES;
				CLANG_WARN_CONSTANT_CONVERSION = YES;
				CLANG_WARN_DEPRECATED_OBJC_IMPLEMENTATIONS = YES;
				CLANG_WARN_DIRECT_OBJC_ISA_USAGE = YES_ERROR;
				CLANG_WARN_DOCUMENTATION_COMMENTS = YES;
				CLANG_WARN_EMPTY_BODY = YES;
				CLANG_WARN_ENUM_CONVERSION = YES;
				CLANG_WARN_INFINITE_RECURSION = YES;
				CLANG_WARN_INT_CONVERSION = YES;
				CLANG_WARN_NON_LITERAL_NULL_CONVERSION = YES;
				CLANG_WARN_OBJC_IMPLICIT_RETAIN_SELF = YES;
				CLANG_WARN_OBJC_LITERAL_CONVERSION = YES;
				CLANG_WARN_OBJC_ROOT_CLASS = YES_ERROR;
				CLANG_WARN_QUOTED_INCLUDE_IN_FRAMEWORK_HEADER = YES;
				CLANG_WARN_RANGE_LOOP_ANALYSIS = YES;
				CLANG_WARN_STRICT_PROTOTYPES = YES;
				CLANG_WARN_SUSPICIOUS_MOVE = YES;
				CLANG_WARN_UNGUARDED_AVAILABILITY = YES_AGGRESSIVE;
				CLANG_WARN_UNREACHABLE_CODE = YES;
				CLANG_WARN__DUPLICATE_METHOD_MATCH = YES;
				COPY_PHASE_STRIP = NO;
				DEBUG_INFORMATION_FORMAT = "dwarf-with-dsym";
				ENABLE_NS_ASSERTIONS = NO;
				ENABLE_STRICT_OBJC_MSGSEND = YES;
				GCC_C_LANGUAGE_STANDARD = gnu11;
				GCC_NO_COMMON_BLOCKS = YES;
				GCC_WARN_64_TO_32_BIT_CONVERSION = YES;
				GCC_WARN_ABOUT_RETURN_TYPE = YES_ERROR;
				GCC_WARN_UNDECLARED_SELECTOR = YES;
				GCC_WARN_UNINITIALIZED_AUTOS = YES_AGGRESSIVE;
				GCC_WARN_UNUSED_FUNCTION = YES;
				GCC_WARN_UNUSED_VARIABLE = YES;
				INFOPLIST_FILE = /Users/melaniad/Todo/Todo/AppDelegate/Info.plist;
				IPHONEOS_DEPLOYMENT_TARGET = 16.4;
				MTL_ENABLE_DEBUG_INFO = NO;
				MTL_FAST_MATH = YES;
				SDKROOT = iphoneos;
				SWIFT_COMPILATION_MODE = wholemodule;
				SWIFT_OPTIMIZATION_LEVEL = "-O";
				VALIDATE_PRODUCT = YES;
			};
			name = Release;
		};
		786FBE3E2CBD2A8D001BD7B5 /* Debug */ = {
			isa = XCBuildConfiguration;
			buildSettings = {
				ASSETCATALOG_COMPILER_APPICON_NAME = AppIcon;
				ASSETCATALOG_COMPILER_GLOBAL_ACCENT_COLOR_NAME = AccentColor;
				CODE_SIGN_STYLE = Automatic;
				CURRENT_PROJECT_VERSION = 1;
				GENERATE_INFOPLIST_FILE = YES;
				INFOPLIST_FILE = /Users/melaniad/Todo/AppDelegate/Info.plist;
				INFOPLIST_KEY_UIApplicationSupportsIndirectInputEvents = YES;
				INFOPLIST_KEY_UILaunchStoryboardName = LaunchScreen;
				INFOPLIST_KEY_UISupportedInterfaceOrientations_iPad = "UIInterfaceOrientationPortrait UIInterfaceOrientationPortraitUpsideDown UIInterfaceOrientationLandscapeLeft UIInterfaceOrientationLandscapeRight";
				INFOPLIST_KEY_UISupportedInterfaceOrientations_iPhone = "UIInterfaceOrientationPortrait UIInterfaceOrientationLandscapeLeft UIInterfaceOrientationLandscapeRight";
				LD_RUNPATH_SEARCH_PATHS = (
					"$(inherited)",
					"@executable_path/Frameworks",
				);
				MARKETING_VERSION = 1.0;
				PRODUCT_BUNDLE_IDENTIFIER = s21.Todo;
				PRODUCT_NAME = "$(TARGET_NAME)";
				SWIFT_EMIT_LOC_STRINGS = YES;
				SWIFT_VERSION = 5.0;
				TARGETED_DEVICE_FAMILY = "1,2";
			};
			name = Debug;
		};
		786FBE3F2CBD2A8D001BD7B5 /* Release */ = {
			isa = XCBuildConfiguration;
			buildSettings = {
				ASSETCATALOG_COMPILER_APPICON_NAME = AppIcon;
				ASSETCATALOG_COMPILER_GLOBAL_ACCENT_COLOR_NAME = AccentColor;
				CODE_SIGN_STYLE = Automatic;
				CURRENT_PROJECT_VERSION = 1;
				GENERATE_INFOPLIST_FILE = YES;
				INFOPLIST_FILE = /Users/melaniad/Todo/AppDelegate/Info.plist;
				INFOPLIST_KEY_UIApplicationSupportsIndirectInputEvents = YES;
				INFOPLIST_KEY_UILaunchStoryboardName = LaunchScreen;
				INFOPLIST_KEY_UISupportedInterfaceOrientations_iPad = "UIInterfaceOrientationPortrait UIInterfaceOrientationPortraitUpsideDown UIInterfaceOrientationLandscapeLeft UIInterfaceOrientationLandscapeRight";
				INFOPLIST_KEY_UISupportedInterfaceOrientations_iPhone = "UIInterfaceOrientationPortrait UIInterfaceOrientationLandscapeLeft UIInterfaceOrientationLandscapeRight";
				LD_RUNPATH_SEARCH_PATHS = (
					"$(inherited)",
					"@executable_path/Frameworks",
				);
				MARKETING_VERSION = 1.0;
				PRODUCT_BUNDLE_IDENTIFIER = s21.Todo;
				PRODUCT_NAME = "$(TARGET_NAME)";
				SWIFT_EMIT_LOC_STRINGS = YES;
				SWIFT_VERSION = 5.0;
				TARGETED_DEVICE_FAMILY = "1,2";
			};
			name = Release;
		};
		786FBE412CBD2A8D001BD7B5 /* Debug */ = {
			isa = XCBuildConfiguration;
			buildSettings = {
				ALWAYS_EMBED_SWIFT_STANDARD_LIBRARIES = YES;
				BUNDLE_LOADER = "$(TEST_HOST)";
				CODE_SIGN_STYLE = Automatic;
				CURRENT_PROJECT_VERSION = 1;
				GENERATE_INFOPLIST_FILE = YES;
				IPHONEOS_DEPLOYMENT_TARGET = 16.4;
				MARKETING_VERSION = 1.0;
				PRODUCT_BUNDLE_IDENTIFIER = s21.TodoTests;
				PRODUCT_NAME = "$(TARGET_NAME)";
				SWIFT_EMIT_LOC_STRINGS = NO;
				SWIFT_VERSION = 5.0;
				TARGETED_DEVICE_FAMILY = "1,2";
				TEST_HOST = "$(BUILT_PRODUCTS_DIR)/Todo.app/$(BUNDLE_EXECUTABLE_FOLDER_PATH)/Todo";
			};
			name = Debug;
		};
		786FBE422CBD2A8D001BD7B5 /* Release */ = {
			isa = XCBuildConfiguration;
			buildSettings = {
				ALWAYS_EMBED_SWIFT_STANDARD_LIBRARIES = YES;
				BUNDLE_LOADER = "$(TEST_HOST)";
				CODE_SIGN_STYLE = Automatic;
				CURRENT_PROJECT_VERSION = 1;
				GENERATE_INFOPLIST_FILE = YES;
				IPHONEOS_DEPLOYMENT_TARGET = 16.4;
				MARKETING_VERSION = 1.0;
				PRODUCT_BUNDLE_IDENTIFIER = s21.TodoTests;
				PRODUCT_NAME = "$(TARGET_NAME)";
				SWIFT_EMIT_LOC_STRINGS = NO;
				SWIFT_VERSION = 5.0;
				TARGETED_DEVICE_FAMILY = "1,2";
				TEST_HOST = "$(BUILT_PRODUCTS_DIR)/Todo.app/$(BUNDLE_EXECUTABLE_FOLDER_PATH)/Todo";
			};
			name = Release;
		};
		786FBE442CBD2A8D001BD7B5 /* Debug */ = {
			isa = XCBuildConfiguration;
			buildSettings = {
				ALWAYS_EMBED_SWIFT_STANDARD_LIBRARIES = YES;
				CODE_SIGN_STYLE = Automatic;
				CURRENT_PROJECT_VERSION = 1;
				GENERATE_INFOPLIST_FILE = YES;
				MARKETING_VERSION = 1.0;
				PRODUCT_BUNDLE_IDENTIFIER = s21.TodoUITests;
				PRODUCT_NAME = "$(TARGET_NAME)";
				SWIFT_EMIT_LOC_STRINGS = NO;
				SWIFT_VERSION = 5.0;
				TARGETED_DEVICE_FAMILY = "1,2";
				TEST_TARGET_NAME = Todo;
			};
			name = Debug;
		};
		786FBE452CBD2A8D001BD7B5 /* Release */ = {
			isa = XCBuildConfiguration;
			buildSettings = {
				ALWAYS_EMBED_SWIFT_STANDARD_LIBRARIES = YES;
				CODE_SIGN_STYLE = Automatic;
				CURRENT_PROJECT_VERSION = 1;
				GENERATE_INFOPLIST_FILE = YES;
				MARKETING_VERSION = 1.0;
				PRODUCT_BUNDLE_IDENTIFIER = s21.TodoUITests;
				PRODUCT_NAME = "$(TARGET_NAME)";
				SWIFT_EMIT_LOC_STRINGS = NO;
				SWIFT_VERSION = 5.0;
				TARGETED_DEVICE_FAMILY = "1,2";
				TEST_TARGET_NAME = Todo;
			};
			name = Release;
		};
/* End XCBuildConfiguration section */

/* Begin XCConfigurationList section */
		786FBE0E2CBD2A8B001BD7B5 /* Build configuration list for PBXProject "Todo" */ = {
			isa = XCConfigurationList;
			buildConfigurations = (
				786FBE3B2CBD2A8D001BD7B5 /* Debug */,
				786FBE3C2CBD2A8D001BD7B5 /* Release */,
			);
			defaultConfigurationIsVisible = 0;
			defaultConfigurationName = Release;
		};
		786FBE3D2CBD2A8D001BD7B5 /* Build configuration list for PBXNativeTarget "Todo" */ = {
			isa = XCConfigurationList;
			buildConfigurations = (
				786FBE3E2CBD2A8D001BD7B5 /* Debug */,
				786FBE3F2CBD2A8D001BD7B5 /* Release */,
			);
			defaultConfigurationIsVisible = 0;
			defaultConfigurationName = Release;
		};
		786FBE402CBD2A8D001BD7B5 /* Build configuration list for PBXNativeTarget "TodoTests" */ = {
			isa = XCConfigurationList;
			buildConfigurations = (
				786FBE412CBD2A8D001BD7B5 /* Debug */,
				786FBE422CBD2A8D001BD7B5 /* Release */,
			);
			defaultConfigurationIsVisible = 0;
			defaultConfigurationName = Release;
		};
		786FBE432CBD2A8D001BD7B5 /* Build configuration list for PBXNativeTarget "TodoUITests" */ = {
			isa = XCConfigurationList;
			buildConfigurations = (
				786FBE442CBD2A8D001BD7B5 /* Debug */,
				786FBE452CBD2A8D001BD7B5 /* Release */,
			);
			defaultConfigurationIsVisible = 0;
			defaultConfigurationName = Release;
		};
/* End XCConfigurationList section */
	};
	rootObject = 786FBE0B2CBD2A8B001BD7B5 /* Project object */;
}
